// !$*UTF8*$!
{
	archiveVersion = 1;
	classes = {
	};
	objectVersion = 60;
	objects = {

/* Begin PBXBuildFile section */
		D40133692C320C070018076B /* VMF_MainViewController.swift in Sources */ = {isa = PBXBuildFile; fileRef = D40133682C320C070018076B /* VMF_MainViewController.swift */; };
		D401336B2C320D520018076B /* VMF_EmbeddedTableController.swift in Sources */ = {isa = PBXBuildFile; fileRef = D401336A2C320D520018076B /* VMF_EmbeddedTableController.swift */; };
		D40EB4DE2C3B142B00AAE33B /* Accessibility.strings in Resources */ = {isa = PBXBuildFile; fileRef = D40EB4DC2C3B142B00AAE33B /* Accessibility.strings */; };
		D4398E672C2892790001FAE3 /* RVS_Generic_Swift_Toolbox in Frameworks */ = {isa = PBXBuildFile; productRef = D4398E662C2892790001FAE3 /* RVS_Generic_Swift_Toolbox */; };
		D4398E6A2C2892830001FAE3 /* RVS_UIKit_Toolbox in Frameworks */ = {isa = PBXBuildFile; productRef = D4398E692C2892830001FAE3 /* RVS_UIKit_Toolbox */; };
		D43A9C132C373F67001285FC /* RVS_Persistent_Prefs in Frameworks */ = {isa = PBXBuildFile; productRef = D43A9C122C373F67001285FC /* RVS_Persistent_Prefs */; };
		D43A9C192C374198001285FC /* VMF_Persistent_Prefs.swift in Sources */ = {isa = PBXBuildFile; fileRef = D43A9C172C374198001285FC /* VMF_Persistent_Prefs.swift */; };
		D43A9C1A2C374198001285FC /* VMF_Extensions.swift in Sources */ = {isa = PBXBuildFile; fileRef = D43A9C182C374198001285FC /* VMF_Extensions.swift */; };
		D455E5672C396F3A00246848 /* VMF_AttendanceViewController.swift in Sources */ = {isa = PBXBuildFile; fileRef = D455E5662C396F3A00246848 /* VMF_AttendanceViewController.swift */; };
		D45E42022C3F2BA7006578F6 /* VMF_SettingsViewController.swift in Sources */ = {isa = PBXBuildFile; fileRef = D45E42012C3F2BA7006578F6 /* VMF_SettingsViewController.swift */; };
		D47C2F0E2C2C5E6A0048C91C /* VMF_BaseViewController.swift in Sources */ = {isa = PBXBuildFile; fileRef = D47C2F0D2C2C5E6A0048C91C /* VMF_BaseViewController.swift */; };
		D48816152C35860F008DF936 /* RVS_BasicGCDTimer in Frameworks */ = {isa = PBXBuildFile; productRef = D48816142C35860F008DF936 /* RVS_BasicGCDTimer */; };
		D49349722C29A6D100C58390 /* Localizable.strings in Resources */ = {isa = PBXBuildFile; fileRef = D49349702C29A6D100C58390 /* Localizable.strings */; };
		D49393352C2616C7006438AE /* VMF_AppDelegate.swift in Sources */ = {isa = PBXBuildFile; fileRef = D49393342C2616C7006438AE /* VMF_AppDelegate.swift */; };
		D49393372C2616C7006438AE /* VMF_SceneDelegate.swift in Sources */ = {isa = PBXBuildFile; fileRef = D49393362C2616C7006438AE /* VMF_SceneDelegate.swift */; };
		D493933C2C2616C7006438AE /* Base in Resources */ = {isa = PBXBuildFile; fileRef = D493933B2C2616C7006438AE /* Base */; };
		D493933E2C2616C8006438AE /* Assets.xcassets in Resources */ = {isa = PBXBuildFile; fileRef = D493933D2C2616C8006438AE /* Assets.xcassets */; };
		D49393412C2616C8006438AE /* Base in Resources */ = {isa = PBXBuildFile; fileRef = D49393402C2616C8006438AE /* Base */; };
		D4B3E2B42C41B6CE00CD672E /* VirtualMeetingFinder.docc in Sources */ = {isa = PBXBuildFile; fileRef = D4B3E2B32C41B6CE00CD672E /* VirtualMeetingFinder.docc */; };
		D4B69A342C2B162900D24DA6 /* VMF_MeetingInspectorViewController.swift in Sources */ = {isa = PBXBuildFile; fileRef = D4B69A332C2B162800D24DA6 /* VMF_MeetingInspectorViewController.swift */; };
		D4BBD0E22C528E3500301D0F /* RevealServer.xcframework in Frameworks */ = {isa = PBXBuildFile; fileRef = D4BBD0E12C528E3500301D0F /* RevealServer.xcframework */; settings = {ATTRIBUTES = (Weak, ); }; };
		D4DDAB822C4039570018944E /* VMF_AboutViewController.swift in Sources */ = {isa = PBXBuildFile; fileRef = D4DDAB812C4039570018944E /* VMF_AboutViewController.swift */; };
		D4E7C6C92C4293E10045ACE6 /* VMF_MainViewController_Methods.swift in Sources */ = {isa = PBXBuildFile; fileRef = D4E7C6C82C4293E10045ACE6 /* VMF_MainViewController_Methods.swift */; };
		D4E7C6CB2C4294FE0045ACE6 /* VMF_MainViewController_Protocols.swift in Sources */ = {isa = PBXBuildFile; fileRef = D4E7C6CA2C4294FE0045ACE6 /* VMF_MainViewController_Protocols.swift */; };
		D4F4BCED2C36DAFC0023C21B /* VMF_MapMarker.swift in Sources */ = {isa = PBXBuildFile; fileRef = D4F4BCEC2C36DAFC0023C21B /* VMF_MapMarker.swift */; };
		D4F70AA22C55800E000378E9 /* SwiftBMLSDK in Frameworks */ = {isa = PBXBuildFile; productRef = D4F70AA12C55800E000378E9 /* SwiftBMLSDK */; };
		D4F8FC9E2C5A689000D6884E /* InfoPlist.strings in Resources */ = {isa = PBXBuildFile; fileRef = D4F8FC9D2C5A689000D6884E /* InfoPlist.strings */; };
/* End PBXBuildFile section */

/* Begin PBXFileReference section */
		D40133682C320C070018076B /* VMF_MainViewController.swift */ = {isa = PBXFileReference; fileEncoding = 4; lastKnownFileType = sourcecode.swift; path = VMF_MainViewController.swift; sourceTree = "<group>"; };
		D401336A2C320D520018076B /* VMF_EmbeddedTableController.swift */ = {isa = PBXFileReference; fileEncoding = 4; lastKnownFileType = sourcecode.swift; path = VMF_EmbeddedTableController.swift; sourceTree = "<group>"; };
		D40EB4DD2C3B142B00AAE33B /* en */ = {isa = PBXFileReference; lastKnownFileType = text.plist.strings; name = en; path = en.lproj/Accessibility.strings; sourceTree = "<group>"; };
		D42997D32C57B05D00164E46 /* pt-BR */ = {isa = PBXFileReference; lastKnownFileType = text.plist.strings; name = "pt-BR"; path = "pt-BR.lproj/Localizable.strings"; sourceTree = "<group>"; };
		D42997D42C57B05D00164E46 /* pt-BR */ = {isa = PBXFileReference; lastKnownFileType = text.plist.strings; name = "pt-BR"; path = "pt-BR.lproj/Accessibility.strings"; sourceTree = "<group>"; };
		D42997D52C57B06900164E46 /* fr */ = {isa = PBXFileReference; lastKnownFileType = text.plist.strings; name = fr; path = fr.lproj/Localizable.strings; sourceTree = "<group>"; };
		D42997D62C57B06900164E46 /* fr */ = {isa = PBXFileReference; lastKnownFileType = text.plist.strings; name = fr; path = fr.lproj/Accessibility.strings; sourceTree = "<group>"; };
		D42997D72C57B07300164E46 /* de */ = {isa = PBXFileReference; lastKnownFileType = text.plist.strings; name = de; path = de.lproj/Localizable.strings; sourceTree = "<group>"; };
		D42997D82C57B07300164E46 /* de */ = {isa = PBXFileReference; lastKnownFileType = text.plist.strings; name = de; path = de.lproj/Accessibility.strings; sourceTree = "<group>"; };
		D43A9C172C374198001285FC /* VMF_Persistent_Prefs.swift */ = {isa = PBXFileReference; fileEncoding = 4; lastKnownFileType = sourcecode.swift; path = VMF_Persistent_Prefs.swift; sourceTree = "<group>"; };
		D43A9C182C374198001285FC /* VMF_Extensions.swift */ = {isa = PBXFileReference; fileEncoding = 4; lastKnownFileType = sourcecode.swift; path = VMF_Extensions.swift; sourceTree = "<group>"; };
		D455E5662C396F3A00246848 /* VMF_AttendanceViewController.swift */ = {isa = PBXFileReference; fileEncoding = 4; lastKnownFileType = sourcecode.swift; path = VMF_AttendanceViewController.swift; sourceTree = "<group>"; };
		D45E42012C3F2BA7006578F6 /* VMF_SettingsViewController.swift */ = {isa = PBXFileReference; fileEncoding = 4; lastKnownFileType = sourcecode.swift; path = VMF_SettingsViewController.swift; sourceTree = "<group>"; };
		D47C2F0D2C2C5E6A0048C91C /* VMF_BaseViewController.swift */ = {isa = PBXFileReference; fileEncoding = 4; lastKnownFileType = sourcecode.swift; path = VMF_BaseViewController.swift; sourceTree = "<group>"; };
		D49349712C29A6D100C58390 /* en */ = {isa = PBXFileReference; lastKnownFileType = text.plist.strings; name = en; path = en.lproj/Localizable.strings; sourceTree = "<group>"; };
		D49393312C2616C7006438AE /* We Are Never Alone.app */ = {isa = PBXFileReference; explicitFileType = wrapper.application; includeInIndex = 0; path = "We Are Never Alone.app"; sourceTree = BUILT_PRODUCTS_DIR; };
		D49393342C2616C7006438AE /* VMF_AppDelegate.swift */ = {isa = PBXFileReference; lastKnownFileType = sourcecode.swift; path = VMF_AppDelegate.swift; sourceTree = "<group>"; };
		D49393362C2616C7006438AE /* VMF_SceneDelegate.swift */ = {isa = PBXFileReference; lastKnownFileType = sourcecode.swift; path = VMF_SceneDelegate.swift; sourceTree = "<group>"; };
		D493933B2C2616C7006438AE /* Base */ = {isa = PBXFileReference; lastKnownFileType = file.storyboard; name = Base; path = Base.lproj/VMF.storyboard; sourceTree = "<group>"; };
		D493933D2C2616C8006438AE /* Assets.xcassets */ = {isa = PBXFileReference; lastKnownFileType = folder.assetcatalog; path = Assets.xcassets; sourceTree = "<group>"; };
		D49393402C2616C8006438AE /* Base */ = {isa = PBXFileReference; lastKnownFileType = file.storyboard; name = Base; path = Base.lproj/VMF_LaunchScreen.storyboard; sourceTree = "<group>"; };
		D49393422C2616C8006438AE /* Info.plist */ = {isa = PBXFileReference; lastKnownFileType = text.plist.xml; path = Info.plist; sourceTree = "<group>"; };
		D49EC71B2C544246008D7DBA /* BackgroundGradient.pdf */ = {isa = PBXFileReference; lastKnownFileType = image.pdf; path = BackgroundGradient.pdf; sourceTree = "<group>"; };
		D49EE49B2C42A2FC00BAD34A /* LGV.png */ = {isa = PBXFileReference; lastKnownFileType = image.png; path = LGV.png; sourceTree = "<group>"; };
		D49EE49C2C42A2FC00BAD34A /* icon.png */ = {isa = PBXFileReference; lastKnownFileType = image.png; path = icon.png; sourceTree = "<group>"; };
		D4AADA562C3C2EE9001BCDCA /* VirtualMeetingFinder.entitlements */ = {isa = PBXFileReference; fileEncoding = 4; lastKnownFileType = text.plist.entitlements; name = VirtualMeetingFinder.entitlements; path = Meta/VirtualMeetingFinder.entitlements; sourceTree = "<group>"; };
		D4AD6A122C261B75002E37F3 /* Warnings.xcconfig */ = {isa = PBXFileReference; fileEncoding = 4; lastKnownFileType = text.xcconfig; name = Warnings.xcconfig; path = Meta/Warnings.xcconfig; sourceTree = "<group>"; };
		D4AD6A142C261BCA002E37F3 /* PRIVACY.md */ = {isa = PBXFileReference; lastKnownFileType = net.daringfireball.markdown; path = PRIVACY.md; sourceTree = "<group>"; };
		D4AD6A152C261BCA002E37F3 /* README.md */ = {isa = PBXFileReference; lastKnownFileType = net.daringfireball.markdown; path = README.md; sourceTree = "<group>"; };
		D4AD6A162C261BCA002E37F3 /* CHANGELOG.md */ = {isa = PBXFileReference; lastKnownFileType = net.daringfireball.markdown; path = CHANGELOG.md; sourceTree = "<group>"; };
		D4AD6A172C261BCA002E37F3 /* PrivacyInfo.xcprivacy */ = {isa = PBXFileReference; lastKnownFileType = text.xml; path = PrivacyInfo.xcprivacy; sourceTree = "<group>"; };
		D4AD6A182C261BCA002E37F3 /* CODEOWNERS */ = {isa = PBXFileReference; lastKnownFileType = text; path = CODEOWNERS; sourceTree = "<group>"; };
		D4AD6A192C261BCA002E37F3 /* LICENSE */ = {isa = PBXFileReference; lastKnownFileType = text; path = LICENSE; sourceTree = "<group>"; };
		D4B155642C529F2400A703F7 /* es */ = {isa = PBXFileReference; lastKnownFileType = text.plist.strings; name = es; path = es.lproj/Localizable.strings; sourceTree = "<group>"; };
		D4B155652C529F2400A703F7 /* es */ = {isa = PBXFileReference; lastKnownFileType = text.plist.strings; name = es; path = es.lproj/Accessibility.strings; sourceTree = "<group>"; };
		D4B3E2B32C41B6CE00CD672E /* VirtualMeetingFinder.docc */ = {isa = PBXFileReference; lastKnownFileType = folder.documentationcatalog; path = VirtualMeetingFinder.docc; sourceTree = "<group>"; };
		D4B69A332C2B162800D24DA6 /* VMF_MeetingInspectorViewController.swift */ = {isa = PBXFileReference; fileEncoding = 4; lastKnownFileType = sourcecode.swift; path = VMF_MeetingInspectorViewController.swift; sourceTree = "<group>"; };
		D4BBD0E12C528E3500301D0F /* RevealServer.xcframework */ = {isa = PBXFileReference; expectedSignature = "AppleDeveloperProgram:2V82U7HN27:Itty Bitty Labs Pty Ltd"; lastKnownFileType = wrapper.xcframework; name = RevealServer.xcframework; path = Meta/RevealServer.xcframework; sourceTree = "<group>"; };
		D4BC72A62C4C85A600955DD8 /* Logo.pdf */ = {isa = PBXFileReference; lastKnownFileType = image.pdf; path = Logo.pdf; sourceTree = "<group>"; };
		D4BC72A72C4C85A600955DD8 /* SocialPreview.pdf */ = {isa = PBXFileReference; lastKnownFileType = image.pdf; path = SocialPreview.pdf; sourceTree = "<group>"; };
		D4BC72A82C4C85A600955DD8 /* TypeIcons.pdf */ = {isa = PBXFileReference; lastKnownFileType = image.pdf; path = TypeIcons.pdf; sourceTree = "<group>"; };
		D4DDAB812C4039570018944E /* VMF_AboutViewController.swift */ = {isa = PBXFileReference; fileEncoding = 4; lastKnownFileType = sourcecode.swift; path = VMF_AboutViewController.swift; sourceTree = "<group>"; };
		D4E7C6C82C4293E10045ACE6 /* VMF_MainViewController_Methods.swift */ = {isa = PBXFileReference; fileEncoding = 4; lastKnownFileType = sourcecode.swift; path = VMF_MainViewController_Methods.swift; sourceTree = "<group>"; };
		D4E7C6CA2C4294FE0045ACE6 /* VMF_MainViewController_Protocols.swift */ = {isa = PBXFileReference; fileEncoding = 4; lastKnownFileType = sourcecode.swift; path = VMF_MainViewController_Protocols.swift; sourceTree = "<group>"; };
		D4F4BCEC2C36DAFC0023C21B /* VMF_MapMarker.swift */ = {isa = PBXFileReference; fileEncoding = 4; lastKnownFileType = sourcecode.swift; path = VMF_MapMarker.swift; sourceTree = "<group>"; };
		D4F8FC9C2C5A689000D6884E /* en */ = {isa = PBXFileReference; lastKnownFileType = text.plist.strings; name = en; path = en.lproj/InfoPlist.strings; sourceTree = "<group>"; };
		D4F8FC9F2C5A68E500D6884E /* fr */ = {isa = PBXFileReference; lastKnownFileType = text.plist.strings; name = fr; path = fr.lproj/InfoPlist.strings; sourceTree = "<group>"; };
		D4F8FCA02C5A68E700D6884E /* de */ = {isa = PBXFileReference; lastKnownFileType = text.plist.strings; name = de; path = de.lproj/InfoPlist.strings; sourceTree = "<group>"; };
		D4F8FCA12C5A68E700D6884E /* pt-BR */ = {isa = PBXFileReference; lastKnownFileType = text.plist.strings; name = "pt-BR"; path = "pt-BR.lproj/InfoPlist.strings"; sourceTree = "<group>"; };
		D4F8FCA22C5A68E800D6884E /* es */ = {isa = PBXFileReference; lastKnownFileType = text.plist.strings; name = es; path = es.lproj/InfoPlist.strings; sourceTree = "<group>"; };
/* End PBXFileReference section */

/* Begin PBXFrameworksBuildPhase section */
		D493932E2C2616C7006438AE /* Frameworks */ = {
			isa = PBXFrameworksBuildPhase;
			buildActionMask = 2147483647;
			files = (
				D48816152C35860F008DF936 /* RVS_BasicGCDTimer in Frameworks */,
				D4F70AA22C55800E000378E9 /* SwiftBMLSDK in Frameworks */,
				D4398E672C2892790001FAE3 /* RVS_Generic_Swift_Toolbox in Frameworks */,
				D4398E6A2C2892830001FAE3 /* RVS_UIKit_Toolbox in Frameworks */,
				D43A9C132C373F67001285FC /* RVS_Persistent_Prefs in Frameworks */,
				D4BBD0E22C528E3500301D0F /* RevealServer.xcframework in Frameworks */,
			);
			runOnlyForDeploymentPostprocessing = 0;
		};
/* End PBXFrameworksBuildPhase section */

/* Begin PBXGroup section */
		D419F3102C261762001EE006 /* Sources */ = {
			isa = PBXGroup;
			children = (
				D49393332C2616C7006438AE /* VirtualMeetingFinder */,
			);
			path = Sources;
			sourceTree = "<group>";
		};
		D43A9C162C37416E001285FC /* Support */ = {
			isa = PBXGroup;
			children = (
				D43A9C172C374198001285FC /* VMF_Persistent_Prefs.swift */,
				D43A9C182C374198001285FC /* VMF_Extensions.swift */,
				D4F4BCEC2C36DAFC0023C21B /* VMF_MapMarker.swift */,
			);
			path = Support;
			sourceTree = "<group>";
		};
		D447E7452C56DD69000593C8 /* MainScreen */ = {
			isa = PBXGroup;
			children = (
				D40133682C320C070018076B /* VMF_MainViewController.swift */,
				D4E7C6C82C4293E10045ACE6 /* VMF_MainViewController_Methods.swift */,
				D4E7C6CA2C4294FE0045ACE6 /* VMF_MainViewController_Protocols.swift */,
			);
			path = MainScreen;
			sourceTree = "<group>";
		};
		D447E7462C56DD73000593C8 /* AttendanceScreen */ = {
			isa = PBXGroup;
			children = (
				D455E5662C396F3A00246848 /* VMF_AttendanceViewController.swift */,
			);
			path = AttendanceScreen;
			sourceTree = "<group>";
		};
		D447E7472C56DD82000593C8 /* MeetingInspectorScreen */ = {
			isa = PBXGroup;
			children = (
				D4B69A332C2B162800D24DA6 /* VMF_MeetingInspectorViewController.swift */,
			);
			path = MeetingInspectorScreen;
			sourceTree = "<group>";
		};
		D447E7482C56DD8D000593C8 /* SettingsScreen */ = {
			isa = PBXGroup;
			children = (
				D45E42012C3F2BA7006578F6 /* VMF_SettingsViewController.swift */,
			);
			path = SettingsScreen;
			sourceTree = "<group>";
		};
		D447E7492C56DD97000593C8 /* AboutScreen */ = {
			isa = PBXGroup;
			children = (
				D4DDAB812C4039570018944E /* VMF_AboutViewController.swift */,
			);
			path = AboutScreen;
			sourceTree = "<group>";
		};
		D447E74A2C56DDB9000593C8 /* Common */ = {
			isa = PBXGroup;
			children = (
				D47C2F0D2C2C5E6A0048C91C /* VMF_BaseViewController.swift */,
				D401336A2C320D520018076B /* VMF_EmbeddedTableController.swift */,
			);
			path = Common;
			sourceTree = "<group>";
		};
		D447E74B2C56DDC4000593C8 /* Screens */ = {
			isa = PBXGroup;
			children = (
				D447E7452C56DD69000593C8 /* MainScreen */,
				D447E7462C56DD73000593C8 /* AttendanceScreen */,
				D447E7472C56DD82000593C8 /* MeetingInspectorScreen */,
				D447E7482C56DD8D000593C8 /* SettingsScreen */,
				D447E7492C56DD97000593C8 /* AboutScreen */,
			);
			path = Screens;
			sourceTree = "<group>";
		};
		D47C2F0F2C2C5E750048C91C /* MainApp */ = {
			isa = PBXGroup;
			children = (
				D49393342C2616C7006438AE /* VMF_AppDelegate.swift */,
				D49393362C2616C7006438AE /* VMF_SceneDelegate.swift */,
			);
			path = MainApp;
			sourceTree = "<group>";
		};
		D47C2F102C2C5E860048C91C /* ViewControllers */ = {
			isa = PBXGroup;
			children = (
				D447E74A2C56DDB9000593C8 /* Common */,
				D447E74B2C56DDC4000593C8 /* Screens */,
			);
			path = ViewControllers;
			sourceTree = "<group>";
		};
		D49393282C2616C7006438AE = {
			isa = PBXGroup;
			children = (
				D4AD6A112C261B1D002E37F3 /* Meta */,
				D419F3102C261762001EE006 /* Sources */,
				D49393322C2616C7006438AE /* Products */,
				D4FB82112C4D8FC80069815A /* Frameworks */,
			);
			indentWidth = 5;
			sourceTree = "<group>";
		};
		D49393322C2616C7006438AE /* Products */ = {
			isa = PBXGroup;
			children = (
				D49393312C2616C7006438AE /* We Are Never Alone.app */,
			);
			name = Products;
			sourceTree = "<group>";
		};
		D49393332C2616C7006438AE /* VirtualMeetingFinder */ = {
			isa = PBXGroup;
			children = (
				D43A9C162C37416E001285FC /* Support */,
				D47C2F0F2C2C5E750048C91C /* MainApp */,
				D47C2F102C2C5E860048C91C /* ViewControllers */,
				D4AD6A0F2C261AB7002E37F3 /* Resources */,
				D4AD6A102C261ACB002E37F3 /* Meta */,
				D4B3E2B32C41B6CE00CD672E /* VirtualMeetingFinder.docc */,
			);
			path = VirtualMeetingFinder;
			sourceTree = "<group>";
		};
		D4AD6A0F2C261AB7002E37F3 /* Resources */ = {
			isa = PBXGroup;
			children = (
				D493933A2C2616C7006438AE /* VMF.storyboard */,
				D49349702C29A6D100C58390 /* Localizable.strings */,
				D40EB4DC2C3B142B00AAE33B /* Accessibility.strings */,
				D4F8FC9D2C5A689000D6884E /* InfoPlist.strings */,
				D493933D2C2616C8006438AE /* Assets.xcassets */,
				D493933F2C2616C8006438AE /* VMF_LaunchScreen.storyboard */,
			);
			path = Resources;
			sourceTree = "<group>";
		};
		D4AD6A102C261ACB002E37F3 /* Meta */ = {
			isa = PBXGroup;
			children = (
				D49393422C2616C8006438AE /* Info.plist */,
			);
			path = Meta;
			sourceTree = "<group>";
		};
		D4AD6A112C261B1D002E37F3 /* Meta */ = {
			isa = PBXGroup;
			children = (
				D4AD6A122C261B75002E37F3 /* Warnings.xcconfig */,
				D4AADA562C3C2EE9001BCDCA /* VirtualMeetingFinder.entitlements */,
				D4AD6A152C261BCA002E37F3 /* README.md */,
				D4AD6A162C261BCA002E37F3 /* CHANGELOG.md */,
				D4AD6A182C261BCA002E37F3 /* CODEOWNERS */,
				D4AD6A192C261BCA002E37F3 /* LICENSE */,
				D4AD6A142C261BCA002E37F3 /* PRIVACY.md */,
				D4AD6A172C261BCA002E37F3 /* PrivacyInfo.xcprivacy */,
				D49EE49C2C42A2FC00BAD34A /* icon.png */,
				D49EE49B2C42A2FC00BAD34A /* LGV.png */,
				D4BC72A92C4C85A600955DD8 /* spec */,
			);
			name = Meta;
			sourceTree = "<group>";
		};
		D4BC72A92C4C85A600955DD8 /* spec */ = {
			isa = PBXGroup;
			children = (
				D4BC72A62C4C85A600955DD8 /* Logo.pdf */,
				D4BC72A72C4C85A600955DD8 /* SocialPreview.pdf */,
				D49EC71B2C544246008D7DBA /* BackgroundGradient.pdf */,
				D4BC72A82C4C85A600955DD8 /* TypeIcons.pdf */,
			);
			path = spec;
			sourceTree = "<group>";
		};
		D4FB82112C4D8FC80069815A /* Frameworks */ = {
			isa = PBXGroup;
			children = (
				D4BBD0E12C528E3500301D0F /* RevealServer.xcframework */,
			);
			name = Frameworks;
			sourceTree = "<group>";
		};
/* End PBXGroup section */

/* Begin PBXNativeTarget section */
		D49393302C2616C7006438AE /* We Are Never Alone */ = {
			isa = PBXNativeTarget;
			buildConfigurationList = D49393452C2616C8006438AE /* Build configuration list for PBXNativeTarget "We Are Never Alone" */;
			buildPhases = (
				D493932D2C2616C7006438AE /* Sources */,
				D493932E2C2616C7006438AE /* Frameworks */,
				D493932F2C2616C7006438AE /* Resources */,
			);
			buildRules = (
			);
			dependencies = (
			);
			name = "We Are Never Alone";
			packageProductDependencies = (
				D4398E662C2892790001FAE3 /* RVS_Generic_Swift_Toolbox */,
				D4398E692C2892830001FAE3 /* RVS_UIKit_Toolbox */,
				D48816142C35860F008DF936 /* RVS_BasicGCDTimer */,
				D43A9C122C373F67001285FC /* RVS_Persistent_Prefs */,
				D4F70AA12C55800E000378E9 /* SwiftBMLSDK */,
			);
			productName = VirtualMeetingFinder;
			productReference = D49393312C2616C7006438AE /* We Are Never Alone.app */;
			productType = "com.apple.product-type.application";
		};
/* End PBXNativeTarget section */

/* Begin PBXProject section */
		D49393292C2616C7006438AE /* Project object */ = {
			isa = PBXProject;
			attributes = {
				BuildIndependentTargetsInParallel = 1;
				LastSwiftUpdateCheck = 1540;
				LastUpgradeCheck = 1540;
				TargetAttributes = {
					D49393302C2616C7006438AE = {
						CreatedOnToolsVersion = 15.4;
					};
				};
			};
			buildConfigurationList = D493932C2C2616C7006438AE /* Build configuration list for PBXProject "VirtualMeetingFinder" */;
			compatibilityVersion = "Xcode 14.0";
			developmentRegion = en;
			hasScannedForEncodings = 0;
			knownRegions = (
				en,
				Base,
				es,
				"pt-BR",
				fr,
				de,
			);
			mainGroup = D49393282C2616C7006438AE;
			packageReferences = (
				D4398E652C2892790001FAE3 /* XCRemoteSwiftPackageReference "RVS_Generic_Swift_Toolbox" */,
				D4398E682C2892830001FAE3 /* XCRemoteSwiftPackageReference "RVS_UIKit_Toolbox" */,
				D48816132C35860F008DF936 /* XCRemoteSwiftPackageReference "RVS_BasicGCDTimer" */,
				D43A9C112C373F67001285FC /* XCRemoteSwiftPackageReference "RVS_PersistentPrefs" */,
				D4F70AA02C55800E000378E9 /* XCRemoteSwiftPackageReference "SwiftBMLSDK" */,
			);
			productRefGroup = D49393322C2616C7006438AE /* Products */;
			projectDirPath = "";
			projectRoot = "";
			targets = (
				D49393302C2616C7006438AE /* We Are Never Alone */,
			);
		};
/* End PBXProject section */

/* Begin PBXResourcesBuildPhase section */
		D493932F2C2616C7006438AE /* Resources */ = {
			isa = PBXResourcesBuildPhase;
			buildActionMask = 2147483647;
			files = (
				D493933E2C2616C8006438AE /* Assets.xcassets in Resources */,
				D4F8FC9E2C5A689000D6884E /* InfoPlist.strings in Resources */,
				D40EB4DE2C3B142B00AAE33B /* Accessibility.strings in Resources */,
				D49349722C29A6D100C58390 /* Localizable.strings in Resources */,
				D49393412C2616C8006438AE /* Base in Resources */,
				D493933C2C2616C7006438AE /* Base in Resources */,
			);
			runOnlyForDeploymentPostprocessing = 0;
		};
/* End PBXResourcesBuildPhase section */

/* Begin PBXSourcesBuildPhase section */
		D493932D2C2616C7006438AE /* Sources */ = {
			isa = PBXSourcesBuildPhase;
			buildActionMask = 2147483647;
			files = (
				D49393352C2616C7006438AE /* VMF_AppDelegate.swift in Sources */,
				D43A9C1A2C374198001285FC /* VMF_Extensions.swift in Sources */,
				D4DDAB822C4039570018944E /* VMF_AboutViewController.swift in Sources */,
				D47C2F0E2C2C5E6A0048C91C /* VMF_BaseViewController.swift in Sources */,
				D43A9C192C374198001285FC /* VMF_Persistent_Prefs.swift in Sources */,
				D4B69A342C2B162900D24DA6 /* VMF_MeetingInspectorViewController.swift in Sources */,
				D401336B2C320D520018076B /* VMF_EmbeddedTableController.swift in Sources */,
				D40133692C320C070018076B /* VMF_MainViewController.swift in Sources */,
				D4E7C6C92C4293E10045ACE6 /* VMF_MainViewController_Methods.swift in Sources */,
				D4E7C6CB2C4294FE0045ACE6 /* VMF_MainViewController_Protocols.swift in Sources */,
				D455E5672C396F3A00246848 /* VMF_AttendanceViewController.swift in Sources */,
				D4F4BCED2C36DAFC0023C21B /* VMF_MapMarker.swift in Sources */,
				D49393372C2616C7006438AE /* VMF_SceneDelegate.swift in Sources */,
				D4B3E2B42C41B6CE00CD672E /* VirtualMeetingFinder.docc in Sources */,
				D45E42022C3F2BA7006578F6 /* VMF_SettingsViewController.swift in Sources */,
			);
			runOnlyForDeploymentPostprocessing = 0;
		};
/* End PBXSourcesBuildPhase section */

/* Begin PBXVariantGroup section */
		D40EB4DC2C3B142B00AAE33B /* Accessibility.strings */ = {
			isa = PBXVariantGroup;
			children = (
				D40EB4DD2C3B142B00AAE33B /* en */,
				D4B155652C529F2400A703F7 /* es */,
				D42997D42C57B05D00164E46 /* pt-BR */,
				D42997D62C57B06900164E46 /* fr */,
				D42997D82C57B07300164E46 /* de */,
			);
			name = Accessibility.strings;
			sourceTree = "<group>";
		};
		D49349702C29A6D100C58390 /* Localizable.strings */ = {
			isa = PBXVariantGroup;
			children = (
				D49349712C29A6D100C58390 /* en */,
				D4B155642C529F2400A703F7 /* es */,
				D42997D32C57B05D00164E46 /* pt-BR */,
				D42997D52C57B06900164E46 /* fr */,
				D42997D72C57B07300164E46 /* de */,
			);
			name = Localizable.strings;
			sourceTree = "<group>";
		};
		D493933A2C2616C7006438AE /* VMF.storyboard */ = {
			isa = PBXVariantGroup;
			children = (
				D493933B2C2616C7006438AE /* Base */,
			);
			name = VMF.storyboard;
			sourceTree = "<group>";
		};
		D493933F2C2616C8006438AE /* VMF_LaunchScreen.storyboard */ = {
			isa = PBXVariantGroup;
			children = (
				D49393402C2616C8006438AE /* Base */,
			);
			name = VMF_LaunchScreen.storyboard;
			sourceTree = "<group>";
		};
		D4F8FC9D2C5A689000D6884E /* InfoPlist.strings */ = {
			isa = PBXVariantGroup;
			children = (
				D4F8FC9C2C5A689000D6884E /* en */,
				D4F8FC9F2C5A68E500D6884E /* fr */,
				D4F8FCA02C5A68E700D6884E /* de */,
				D4F8FCA12C5A68E700D6884E /* pt-BR */,
				D4F8FCA22C5A68E800D6884E /* es */,
			);
			name = InfoPlist.strings;
			sourceTree = "<group>";
		};
/* End PBXVariantGroup section */

/* Begin XCBuildConfiguration section */
		D49393432C2616C8006438AE /* Debug */ = {
			isa = XCBuildConfiguration;
			baseConfigurationReference = D4AD6A122C261B75002E37F3 /* Warnings.xcconfig */;
			buildSettings = {
				ALWAYS_SEARCH_USER_PATHS = NO;
				ASSETCATALOG_COMPILER_GENERATE_SWIFT_ASSET_SYMBOL_EXTENSIONS = YES;
				CLANG_ANALYZER_LOCALIZABILITY_NONLOCALIZED = YES;
				CLANG_ANALYZER_NONNULL = YES;
				CLANG_ANALYZER_NUMBER_OBJECT_CONVERSION = YES_AGGRESSIVE;
				CLANG_CXX_LANGUAGE_STANDARD = "gnu++20";
				CLANG_ENABLE_MODULES = YES;
				CLANG_ENABLE_OBJC_ARC = YES;
				CLANG_ENABLE_OBJC_WEAK = YES;
				CLANG_WARN_BLOCK_CAPTURE_AUTORELEASING = YES;
				CLANG_WARN_BOOL_CONVERSION = YES;
				CLANG_WARN_COMMA = YES;
				CLANG_WARN_CONSTANT_CONVERSION = YES;
				CLANG_WARN_DEPRECATED_OBJC_IMPLEMENTATIONS = YES;
				CLANG_WARN_DIRECT_OBJC_ISA_USAGE = YES_ERROR;
				CLANG_WARN_DOCUMENTATION_COMMENTS = YES;
				CLANG_WARN_EMPTY_BODY = YES;
				CLANG_WARN_ENUM_CONVERSION = YES;
				CLANG_WARN_INFINITE_RECURSION = YES;
				CLANG_WARN_INT_CONVERSION = YES;
				CLANG_WARN_NON_LITERAL_NULL_CONVERSION = YES;
				CLANG_WARN_OBJC_IMPLICIT_RETAIN_SELF = YES;
				CLANG_WARN_OBJC_LITERAL_CONVERSION = YES;
				CLANG_WARN_OBJC_ROOT_CLASS = YES_ERROR;
				CLANG_WARN_QUOTED_INCLUDE_IN_FRAMEWORK_HEADER = YES;
				CLANG_WARN_RANGE_LOOP_ANALYSIS = YES;
				CLANG_WARN_STRICT_PROTOTYPES = YES;
				CLANG_WARN_SUSPICIOUS_MOVE = YES;
				CLANG_WARN_UNGUARDED_AVAILABILITY = YES_AGGRESSIVE;
				CLANG_WARN_UNREACHABLE_CODE = YES;
				CLANG_WARN__DUPLICATE_METHOD_MATCH = YES;
				COPY_PHASE_STRIP = NO;
				DEBUG_INFORMATION_FORMAT = dwarf;
				ENABLE_STRICT_OBJC_MSGSEND = YES;
				ENABLE_TESTABILITY = YES;
				ENABLE_USER_SCRIPT_SANDBOXING = YES;
				GCC_C_LANGUAGE_STANDARD = gnu17;
				GCC_DYNAMIC_NO_PIC = NO;
				GCC_NO_COMMON_BLOCKS = YES;
				GCC_OPTIMIZATION_LEVEL = 0;
				GCC_PREPROCESSOR_DEFINITIONS = (
					"DEBUG=1",
					"$(inherited)",
				);
				GCC_WARN_64_TO_32_BIT_CONVERSION = YES;
				GCC_WARN_ABOUT_RETURN_TYPE = YES_ERROR;
				GCC_WARN_UNDECLARED_SELECTOR = YES;
				GCC_WARN_UNINITIALIZED_AUTOS = YES_AGGRESSIVE;
				GCC_WARN_UNUSED_FUNCTION = YES;
				GCC_WARN_UNUSED_VARIABLE = YES;
				IPHONEOS_DEPLOYMENT_TARGET = 16.0;
				LOCALIZATION_PREFERS_STRING_CATALOGS = YES;
				MTL_ENABLE_DEBUG_INFO = INCLUDE_SOURCE;
				MTL_FAST_MATH = YES;
				ONLY_ACTIVE_ARCH = YES;
				SDKROOT = iphoneos;
				SWIFT_ACTIVE_COMPILATION_CONDITIONS = "DEBUG $(inherited)";
				SWIFT_OPTIMIZATION_LEVEL = "-Onone";
			};
			name = Debug;
		};
		D49393442C2616C8006438AE /* Release */ = {
			isa = XCBuildConfiguration;
			baseConfigurationReference = D4AD6A122C261B75002E37F3 /* Warnings.xcconfig */;
			buildSettings = {
				ALWAYS_SEARCH_USER_PATHS = NO;
				ASSETCATALOG_COMPILER_GENERATE_SWIFT_ASSET_SYMBOL_EXTENSIONS = YES;
				CLANG_ANALYZER_LOCALIZABILITY_NONLOCALIZED = YES;
				CLANG_ANALYZER_NONNULL = YES;
				CLANG_ANALYZER_NUMBER_OBJECT_CONVERSION = YES_AGGRESSIVE;
				CLANG_CXX_LANGUAGE_STANDARD = "gnu++20";
				CLANG_ENABLE_MODULES = YES;
				CLANG_ENABLE_OBJC_ARC = YES;
				CLANG_ENABLE_OBJC_WEAK = YES;
				CLANG_WARN_BLOCK_CAPTURE_AUTORELEASING = YES;
				CLANG_WARN_BOOL_CONVERSION = YES;
				CLANG_WARN_COMMA = YES;
				CLANG_WARN_CONSTANT_CONVERSION = YES;
				CLANG_WARN_DEPRECATED_OBJC_IMPLEMENTATIONS = YES;
				CLANG_WARN_DIRECT_OBJC_ISA_USAGE = YES_ERROR;
				CLANG_WARN_DOCUMENTATION_COMMENTS = YES;
				CLANG_WARN_EMPTY_BODY = YES;
				CLANG_WARN_ENUM_CONVERSION = YES;
				CLANG_WARN_INFINITE_RECURSION = YES;
				CLANG_WARN_INT_CONVERSION = YES;
				CLANG_WARN_NON_LITERAL_NULL_CONVERSION = YES;
				CLANG_WARN_OBJC_IMPLICIT_RETAIN_SELF = YES;
				CLANG_WARN_OBJC_LITERAL_CONVERSION = YES;
				CLANG_WARN_OBJC_ROOT_CLASS = YES_ERROR;
				CLANG_WARN_QUOTED_INCLUDE_IN_FRAMEWORK_HEADER = YES;
				CLANG_WARN_RANGE_LOOP_ANALYSIS = YES;
				CLANG_WARN_STRICT_PROTOTYPES = YES;
				CLANG_WARN_SUSPICIOUS_MOVE = YES;
				CLANG_WARN_UNGUARDED_AVAILABILITY = YES_AGGRESSIVE;
				CLANG_WARN_UNREACHABLE_CODE = YES;
				CLANG_WARN__DUPLICATE_METHOD_MATCH = YES;
				COPY_PHASE_STRIP = NO;
				DEBUG_INFORMATION_FORMAT = "dwarf-with-dsym";
				ENABLE_NS_ASSERTIONS = NO;
				ENABLE_STRICT_OBJC_MSGSEND = YES;
				ENABLE_USER_SCRIPT_SANDBOXING = YES;
				GCC_C_LANGUAGE_STANDARD = gnu17;
				GCC_NO_COMMON_BLOCKS = YES;
				GCC_WARN_64_TO_32_BIT_CONVERSION = YES;
				GCC_WARN_ABOUT_RETURN_TYPE = YES_ERROR;
				GCC_WARN_UNDECLARED_SELECTOR = YES;
				GCC_WARN_UNINITIALIZED_AUTOS = YES_AGGRESSIVE;
				GCC_WARN_UNUSED_FUNCTION = YES;
				GCC_WARN_UNUSED_VARIABLE = YES;
				IPHONEOS_DEPLOYMENT_TARGET = 16.0;
				LOCALIZATION_PREFERS_STRING_CATALOGS = YES;
				MTL_ENABLE_DEBUG_INFO = NO;
				MTL_FAST_MATH = YES;
				SDKROOT = iphoneos;
				SWIFT_COMPILATION_MODE = wholemodule;
				VALIDATE_PRODUCT = YES;
			};
			name = Release;
		};
		D49393462C2616C8006438AE /* Debug */ = {
			isa = XCBuildConfiguration;
			buildSettings = {
				ASSETCATALOG_COMPILER_APPICON_NAME = AppIcon;
				ASSETCATALOG_COMPILER_GLOBAL_ACCENT_COLOR_NAME = AccentColor;
				CODE_SIGN_ENTITLEMENTS = Meta/VirtualMeetingFinder.entitlements;
				CODE_SIGN_STYLE = Automatic;
				CURRENT_PROJECT_VERSION = 1005;
				DEVELOPMENT_TEAM = P53V4JS928;
				ENABLE_USER_SCRIPT_SANDBOXING = NO;
				GENERATE_INFOPLIST_FILE = YES;
				INFOPLIST_FILE = Sources/VirtualMeetingFinder/Meta/Info.plist;
				INFOPLIST_KEY_LSApplicationCategoryType = "public.app-category.utilities";
				INFOPLIST_KEY_UIApplicationSupportsIndirectInputEvents = YES;
				INFOPLIST_KEY_UILaunchStoryboardName = VMF_LaunchScreen;
				INFOPLIST_KEY_UIMainStoryboardFile = VMF;
				INFOPLIST_KEY_UISupportedInterfaceOrientations_iPad = "UIInterfaceOrientationPortrait UIInterfaceOrientationPortraitUpsideDown UIInterfaceOrientationLandscapeLeft UIInterfaceOrientationLandscapeRight";
				INFOPLIST_KEY_UISupportedInterfaceOrientations_iPhone = "UIInterfaceOrientationPortrait UIInterfaceOrientationLandscapeLeft UIInterfaceOrientationLandscapeRight";
				LD_RUNPATH_SEARCH_PATHS = (
					"$(inherited)",
					"@executable_path/Frameworks",
				);
				MARKETING_VERSION = 1.0.2;
				PRODUCT_BUNDLE_IDENTIFIER = org.littlegreenviper.VMF;
				PRODUCT_NAME = "$(TARGET_NAME)";
				SUPPORTED_PLATFORMS = "iphoneos iphonesimulator";
				SUPPORTS_MACCATALYST = YES;
				SUPPORTS_MAC_DESIGNED_FOR_IPHONE_IPAD = NO;
				SWIFT_EMIT_LOC_STRINGS = YES;
				SWIFT_VERSION = 5.0;
				TARGETED_DEVICE_FAMILY = "1,2";
			};
			name = Debug;
		};
		D49393472C2616C8006438AE /* Release */ = {
			isa = XCBuildConfiguration;
			buildSettings = {
				ASSETCATALOG_COMPILER_APPICON_NAME = AppIcon;
				ASSETCATALOG_COMPILER_GLOBAL_ACCENT_COLOR_NAME = AccentColor;
				CODE_SIGN_ENTITLEMENTS = Meta/VirtualMeetingFinder.entitlements;
				CODE_SIGN_STYLE = Automatic;
				CURRENT_PROJECT_VERSION = 1005;
				DEVELOPMENT_TEAM = P53V4JS928;
				ENABLE_USER_SCRIPT_SANDBOXING = NO;
				GENERATE_INFOPLIST_FILE = YES;
				INFOPLIST_FILE = Sources/VirtualMeetingFinder/Meta/Info.plist;
				INFOPLIST_KEY_LSApplicationCategoryType = "public.app-category.utilities";
				INFOPLIST_KEY_UIApplicationSupportsIndirectInputEvents = YES;
				INFOPLIST_KEY_UILaunchStoryboardName = VMF_LaunchScreen;
				INFOPLIST_KEY_UIMainStoryboardFile = VMF;
				INFOPLIST_KEY_UISupportedInterfaceOrientations_iPad = "UIInterfaceOrientationPortrait UIInterfaceOrientationPortraitUpsideDown UIInterfaceOrientationLandscapeLeft UIInterfaceOrientationLandscapeRight";
				INFOPLIST_KEY_UISupportedInterfaceOrientations_iPhone = "UIInterfaceOrientationPortrait UIInterfaceOrientationLandscapeLeft UIInterfaceOrientationLandscapeRight";
				LD_RUNPATH_SEARCH_PATHS = (
					"$(inherited)",
					"@executable_path/Frameworks",
				);
				MARKETING_VERSION = 1.0.2;
				PRODUCT_BUNDLE_IDENTIFIER = org.littlegreenviper.VMF;
				PRODUCT_NAME = "$(TARGET_NAME)";
				SUPPORTED_PLATFORMS = "iphoneos iphonesimulator";
				SUPPORTS_MACCATALYST = YES;
				SUPPORTS_MAC_DESIGNED_FOR_IPHONE_IPAD = NO;
				SWIFT_EMIT_LOC_STRINGS = YES;
				SWIFT_VERSION = 5.0;
				TARGETED_DEVICE_FAMILY = "1,2";
			};
			name = Release;
		};
/* End XCBuildConfiguration section */

/* Begin XCConfigurationList section */
		D493932C2C2616C7006438AE /* Build configuration list for PBXProject "VirtualMeetingFinder" */ = {
			isa = XCConfigurationList;
			buildConfigurations = (
				D49393432C2616C8006438AE /* Debug */,
				D49393442C2616C8006438AE /* Release */,
			);
			defaultConfigurationIsVisible = 0;
			defaultConfigurationName = Release;
		};
		D49393452C2616C8006438AE /* Build configuration list for PBXNativeTarget "We Are Never Alone" */ = {
			isa = XCConfigurationList;
			buildConfigurations = (
				D49393462C2616C8006438AE /* Debug */,
				D49393472C2616C8006438AE /* Release */,
			);
			defaultConfigurationIsVisible = 0;
			defaultConfigurationName = Release;
		};
/* End XCConfigurationList section */

/* Begin XCRemoteSwiftPackageReference section */
		D4398E652C2892790001FAE3 /* XCRemoteSwiftPackageReference "RVS_Generic_Swift_Toolbox" */ = {
			isa = XCRemoteSwiftPackageReference;
			repositoryURL = "https://github.com/RiftValleySoftware/RVS_Generic_Swift_Toolbox";
			requirement = {
				kind = upToNextMajorVersion;
				minimumVersion = 1.13.3;
			};
		};
		D4398E682C2892830001FAE3 /* XCRemoteSwiftPackageReference "RVS_UIKit_Toolbox" */ = {
			isa = XCRemoteSwiftPackageReference;
			repositoryURL = "https://github.com/RiftValleySoftware/RVS_UIKit_Toolbox";
			requirement = {
				kind = upToNextMajorVersion;
				minimumVersion = 1.6.1;
			};
		};
		D43A9C112C373F67001285FC /* XCRemoteSwiftPackageReference "RVS_PersistentPrefs" */ = {
			isa = XCRemoteSwiftPackageReference;
			repositoryURL = "https://github.com/RiftValleySoftware/RVS_PersistentPrefs";
			requirement = {
				kind = upToNextMajorVersion;
				minimumVersion = 1.3.10;
			};
		};
		D48816132C35860F008DF936 /* XCRemoteSwiftPackageReference "RVS_BasicGCDTimer" */ = {
			isa = XCRemoteSwiftPackageReference;
			repositoryURL = "https://github.com/RiftValleySoftware/RVS_BasicGCDTimer";
			requirement = {
				kind = upToNextMajorVersion;
				minimumVersion = 1.7.1;
			};
		};
		D4F70AA02C55800E000378E9 /* XCRemoteSwiftPackageReference "SwiftBMLSDK" */ = {
			isa = XCRemoteSwiftPackageReference;
			repositoryURL = "https://github.com/LittleGreenViper/SwiftBMLSDK";
			requirement = {
				kind = upToNextMajorVersion;
				minimumVersion = 1.0.16;
			};
		};
/* End XCRemoteSwiftPackageReference section */

/* Begin XCSwiftPackageProductDependency section */
		D4398E662C2892790001FAE3 /* RVS_Generic_Swift_Toolbox */ = {
			isa = XCSwiftPackageProductDependency;
			package = D4398E652C2892790001FAE3 /* XCRemoteSwiftPackageReference "RVS_Generic_Swift_Toolbox" */;
			productName = RVS_Generic_Swift_Toolbox;
		};
		D4398E692C2892830001FAE3 /* RVS_UIKit_Toolbox */ = {
			isa = XCSwiftPackageProductDependency;
			package = D4398E682C2892830001FAE3 /* XCRemoteSwiftPackageReference "RVS_UIKit_Toolbox" */;
			productName = RVS_UIKit_Toolbox;
		};
		D43A9C122C373F67001285FC /* RVS_Persistent_Prefs */ = {
			isa = XCSwiftPackageProductDependency;
			package = D43A9C112C373F67001285FC /* XCRemoteSwiftPackageReference "RVS_PersistentPrefs" */;
			productName = RVS_Persistent_Prefs;
		};
		D48816142C35860F008DF936 /* RVS_BasicGCDTimer */ = {
			isa = XCSwiftPackageProductDependency;
			package = D48816132C35860F008DF936 /* XCRemoteSwiftPackageReference "RVS_BasicGCDTimer" */;
			productName = RVS_BasicGCDTimer;
		};
		D4F70AA12C55800E000378E9 /* SwiftBMLSDK */ = {
			isa = XCSwiftPackageProductDependency;
			package = D4F70AA02C55800E000378E9 /* XCRemoteSwiftPackageReference "SwiftBMLSDK" */;
			productName = SwiftBMLSDK;
		};
/* End XCSwiftPackageProductDependency section */
	};
	rootObject = D49393292C2616C7006438AE /* Project object */;
}
